// !$*UTF8*$!
{
	archiveVersion = 1;
	classes = {
	};
	objectVersion = 50;
	objects = {

/* Begin PBXBuildFile section */
		072883B52254AB6100B0844C /* Meme.swift in Sources */ = {isa = PBXBuildFile; fileRef = 072883B42254AB6100B0844C /* Meme.swift */; };
		07587FAD22648BDC00C2D586 /* MemeDetailViewController.swift in Sources */ = {isa = PBXBuildFile; fileRef = 07587FAC22648BDC00C2D586 /* MemeDetailViewController.swift */; };
		075ED4E62253432000B2122C /* AppDelegate.swift in Sources */ = {isa = PBXBuildFile; fileRef = 075ED4E52253432000B2122C /* AppDelegate.swift */; };
		075ED4E82253432000B2122C /* EditMemeViewController.swift in Sources */ = {isa = PBXBuildFile; fileRef = 075ED4E72253432000B2122C /* EditMemeViewController.swift */; };
		075ED4EB2253432000B2122C /* Main.storyboard in Resources */ = {isa = PBXBuildFile; fileRef = 075ED4E92253432000B2122C /* Main.storyboard */; };
		075ED4ED2253432300B2122C /* Assets.xcassets in Resources */ = {isa = PBXBuildFile; fileRef = 075ED4EC2253432300B2122C /* Assets.xcassets */; };
		075ED4F02253432300B2122C /* LaunchScreen.storyboard in Resources */ = {isa = PBXBuildFile; fileRef = 075ED4EE2253432300B2122C /* LaunchScreen.storyboard */; };
		077A3FB9226349E0000E993E /* MemeCollectionViewCell.swift in Sources */ = {isa = PBXBuildFile; fileRef = 077A3FB8226349E0000E993E /* MemeCollectionViewCell.swift */; };
		07F29F70225E1104004816BD /* MemeCollectioViewController.swift in Sources */ = {isa = PBXBuildFile; fileRef = 07F29F6F225E1104004816BD /* MemeCollectioViewController.swift */; };
		07F29F72225E183F004816BD /* MemeTableViewController.swift in Sources */ = {isa = PBXBuildFile; fileRef = 07F29F71225E183F004816BD /* MemeTableViewController.swift */; };
		07F29F74225E2028004816BD /* MemeTableViewCell.swift in Sources */ = {isa = PBXBuildFile; fileRef = 07F29F73225E2028004816BD /* MemeTableViewCell.swift */; };
/* End PBXBuildFile section */

/* Begin PBXFileReference section */
		072883B42254AB6100B0844C /* Meme.swift */ = {isa = PBXFileReference; lastKnownFileType = sourcecode.swift; path = Meme.swift; sourceTree = "<group>"; };
		07587FAC22648BDC00C2D586 /* MemeDetailViewController.swift */ = {isa = PBXFileReference; lastKnownFileType = sourcecode.swift; path = MemeDetailViewController.swift; sourceTree = "<group>"; };
		075ED4E22253432000B2122C /* MemeMe1.0.app */ = {isa = PBXFileReference; explicitFileType = wrapper.application; includeInIndex = 0; path = MemeMe1.0.app; sourceTree = BUILT_PRODUCTS_DIR; };
		075ED4E52253432000B2122C /* AppDelegate.swift */ = {isa = PBXFileReference; lastKnownFileType = sourcecode.swift; path = AppDelegate.swift; sourceTree = "<group>"; };
		075ED4E72253432000B2122C /* EditMemeViewController.swift */ = {isa = PBXFileReference; lastKnownFileType = sourcecode.swift; path = EditMemeViewController.swift; sourceTree = "<group>"; };
		075ED4EA2253432000B2122C /* Base */ = {isa = PBXFileReference; lastKnownFileType = file.storyboard; name = Base; path = Base.lproj/Main.storyboard; sourceTree = "<group>"; };
		075ED4EC2253432300B2122C /* Assets.xcassets */ = {isa = PBXFileReference; lastKnownFileType = folder.assetcatalog; path = Assets.xcassets; sourceTree = "<group>"; };
		075ED4EF2253432300B2122C /* Base */ = {isa = PBXFileReference; lastKnownFileType = file.storyboard; name = Base; path = Base.lproj/LaunchScreen.storyboard; sourceTree = "<group>"; };
		075ED4F12253432300B2122C /* Info.plist */ = {isa = PBXFileReference; lastKnownFileType = text.plist.xml; path = Info.plist; sourceTree = "<group>"; };
		077A3FB8226349E0000E993E /* MemeCollectionViewCell.swift */ = {isa = PBXFileReference; lastKnownFileType = sourcecode.swift; path = MemeCollectionViewCell.swift; sourceTree = "<group>"; };
		07F29F6F225E1104004816BD /* MemeCollectioViewController.swift */ = {isa = PBXFileReference; lastKnownFileType = sourcecode.swift; path = MemeCollectioViewController.swift; sourceTree = "<group>"; };
		07F29F71225E183F004816BD /* MemeTableViewController.swift */ = {isa = PBXFileReference; lastKnownFileType = sourcecode.swift; path = MemeTableViewController.swift; sourceTree = "<group>"; };
		07F29F73225E2028004816BD /* MemeTableViewCell.swift */ = {isa = PBXFileReference; lastKnownFileType = sourcecode.swift; path = MemeTableViewCell.swift; sourceTree = "<group>"; };
/* End PBXFileReference section */

/* Begin PBXFrameworksBuildPhase section */
		075ED4DF2253432000B2122C /* Frameworks */ = {
			isa = PBXFrameworksBuildPhase;
			buildActionMask = 2147483647;
			files = (
			);
			runOnlyForDeploymentPostprocessing = 0;
		};
/* End PBXFrameworksBuildPhase section */

/* Begin PBXGroup section */
		075ED4D92253432000B2122C = {
			isa = PBXGroup;
			children = (
				075ED4E42253432000B2122C /* MemeMe1.0 */,
				075ED4E32253432000B2122C /* Products */,
			);
			sourceTree = "<group>";
		};
		075ED4E32253432000B2122C /* Products */ = {
			isa = PBXGroup;
			children = (
				075ED4E22253432000B2122C /* MemeMe1.0.app */,
			);
			name = Products;
			sourceTree = "<group>";
		};
		075ED4E42253432000B2122C /* MemeMe1.0 */ = {
			isa = PBXGroup;
			children = (
				075ED4E52253432000B2122C /* AppDelegate.swift */,
				077A3FBC22634A2E000E993E /* ViewCells */,
				077A3FBA226349ED000E993E /* Controllers */,
				077A3FBB22634A16000E993E /* Models */,
				075ED4E92253432000B2122C /* Main.storyboard */,
				075ED4EC2253432300B2122C /* Assets.xcassets */,
				075ED4EE2253432300B2122C /* LaunchScreen.storyboard */,
				075ED4F12253432300B2122C /* Info.plist */,
			);
			path = MemeMe1.0;
			sourceTree = "<group>";
		};
		077A3FBA226349ED000E993E /* Controllers */ = {
			isa = PBXGroup;
			children = (
				07F29F6F225E1104004816BD /* MemeCollectioViewController.swift */,
				07F29F71225E183F004816BD /* MemeTableViewController.swift */,
				07587FAC22648BDC00C2D586 /* MemeDetailViewController.swift */,
				075ED4E72253432000B2122C /* EditMemeViewController.swift */,
			);
			path = Controllers;
			sourceTree = "<group>";
		};
		077A3FBB22634A16000E993E /* Models */ = {
			isa = PBXGroup;
			children = (
				072883B42254AB6100B0844C /* Meme.swift */,
			);
			path = Models;
			sourceTree = "<group>";
		};
		077A3FBC22634A2E000E993E /* ViewCells */ = {
			isa = PBXGroup;
			children = (
				07F29F73225E2028004816BD /* MemeTableViewCell.swift */,
				077A3FB8226349E0000E993E /* MemeCollectionViewCell.swift */,
			);
			path = ViewCells;
			sourceTree = "<group>";
		};
/* End PBXGroup section */

/* Begin PBXNativeTarget section */
		075ED4E12253432000B2122C /* MemeMe1.0 */ = {
			isa = PBXNativeTarget;
			buildConfigurationList = 075ED4F42253432300B2122C /* Build configuration list for PBXNativeTarget "MemeMe1.0" */;
			buildPhases = (
				075ED4DE2253432000B2122C /* Sources */,
				075ED4DF2253432000B2122C /* Frameworks */,
				075ED4E02253432000B2122C /* Resources */,
			);
			buildRules = (
			);
			dependencies = (
			);
			name = MemeMe1.0;
			productName = MemeMe1.0;
			productReference = 075ED4E22253432000B2122C /* MemeMe1.0.app */;
			productType = "com.apple.product-type.application";
		};
/* End PBXNativeTarget section */

/* Begin PBXProject section */
		075ED4DA2253432000B2122C /* Project object */ = {
			isa = PBXProject;
			attributes = {
				LastSwiftUpdateCheck = 1010;
				LastUpgradeCheck = 1010;
				ORGANIZATIONNAME = "Omar Yahya Alfawzan";
				TargetAttributes = {
					075ED4E12253432000B2122C = {
						CreatedOnToolsVersion = 10.1;
					};
				};
			};
			buildConfigurationList = 075ED4DD2253432000B2122C /* Build configuration list for PBXProject "MemeMe1.0" */;
			compatibilityVersion = "Xcode 9.3";
			developmentRegion = en;
			hasScannedForEncodings = 0;
			knownRegions = (
				en,
				Base,
			);
			mainGroup = 075ED4D92253432000B2122C;
			productRefGroup = 075ED4E32253432000B2122C /* Products */;
			projectDirPath = "";
			projectRoot = "";
			targets = (
				075ED4E12253432000B2122C /* MemeMe1.0 */,
			);
		};
/* End PBXProject section */

/* Begin PBXResourcesBuildPhase section */
		075ED4E02253432000B2122C /* Resources */ = {
			isa = PBXResourcesBuildPhase;
			buildActionMask = 2147483647;
			files = (
				075ED4F02253432300B2122C /* LaunchScreen.storyboard in Resources */,
				075ED4ED2253432300B2122C /* Assets.xcassets in Resources */,
				075ED4EB2253432000B2122C /* Main.storyboard in Resources */,
			);
			runOnlyForDeploymentPostprocessing = 0;
		};
/* End PBXResourcesBuildPhase section */

/* Begin PBXSourcesBuildPhase section */
		075ED4DE2253432000B2122C /* Sources */ = {
			isa = PBXSourcesBuildPhase;
			buildActionMask = 2147483647;
			files = (
				072883B52254AB6100B0844C /* Meme.swift in Sources */,
				075ED4E82253432000B2122C /* EditMemeViewController.swift in Sources */,
				075ED4E62253432000B2122C /* AppDelegate.swift in Sources */,
				07F29F74225E2028004816BD /* MemeTableViewCell.swift in Sources */,
				077A3FB9226349E0000E993E /* MemeCollectionViewCell.swift in Sources */,
				07F29F72225E183F004816BD /* MemeTableViewController.swift in Sources */,
				07F29F70225E1104004816BD /* MemeCollectioViewController.swift in Sources */,
				07587FAD22648BDC00C2D586 /* MemeDetailViewController.swift in Sources */,
			);
			runOnlyForDeploymentPostprocessing = 0;
		};
/* End PBXSourcesBuildPhase section */

/* Begin PBXVariantGroup section */
		075ED4E92253432000B2122C /* Main.storyboard */ = {
			isa = PBXVariantGroup;
			children = (
				075ED4EA2253432000B2122C /* Base */,
			);
			name = Main.storyboard;
			sourceTree = "<group>";
		};
		075ED4EE2253432300B2122C /* LaunchScreen.storyboard */ = {
			isa = PBXVariantGroup;
			children = (
				075ED4EF2253432300B2122C /* Base */,
			);
			name = LaunchScreen.storyboard;
			sourceTree = "<group>";
		};
/* End PBXVariantGroup section */

/* Begin XCBuildConfiguration section */
		075ED4F22253432300B2122C /* Debug */ = {
			isa = XCBuildConfiguration;
			buildSettings = {
				ALWAYS_SEARCH_USER_PATHS = NO;
				CLANG_ANALYZER_NONNULL = YES;
				CLANG_ANALYZER_NUMBER_OBJECT_CONVERSION = YES_AGGRESSIVE;
				CLANG_CXX_LANGUAGE_STANDARD = "gnu++14";
				CLANG_CXX_LIBRARY = "libc++";
				CLANG_ENABLE_MODULES = YES;
				CLANG_ENABLE_OBJC_ARC = YES;
				CLANG_ENABLE_OBJC_WEAK = YES;
				CLANG_WARN_BLOCK_CAPTURE_AUTORELEASING = YES;
				CLANG_WARN_BOOL_CONVERSION = YES;
				CLANG_WARN_COMMA = YES;
				CLANG_WARN_CONSTANT_CONVERSION = YES;
				CLANG_WARN_DEPRECATED_OBJC_IMPLEMENTATIONS = YES;
				CLANG_WARN_DIRECT_OBJC_ISA_USAGE = YES_ERROR;
				CLANG_WARN_DOCUMENTATION_COMMENTS = YES;
				CLANG_WARN_EMPTY_BODY = YES;
				CLANG_WARN_ENUM_CONVERSION = YES;
				CLANG_WARN_INFINITE_RECURSION = YES;
				CLANG_WARN_INT_CONVERSION = YES;
				CLANG_WARN_NON_LITERAL_NULL_CONVERSION = YES;
				CLANG_WARN_OBJC_IMPLICIT_RETAIN_SELF = YES;
				CLANG_WARN_OBJC_LITERAL_CONVERSION = YES;
				CLANG_WARN_OBJC_ROOT_CLASS = YES_ERROR;
				CLANG_WARN_RANGE_LOOP_ANALYSIS = YES;
				CLANG_WARN_STRICT_PROTOTYPES = YES;
				CLANG_WARN_SUSPICIOUS_MOVE = YES;
				CLANG_WARN_UNGUARDED_AVAILABILITY = YES_AGGRESSIVE;
				CLANG_WARN_UNREACHABLE_CODE = YES;
				CLANG_WARN__DUPLICATE_METHOD_MATCH = YES;
				CODE_SIGN_IDENTITY = "iPhone Developer";
				COPY_PHASE_STRIP = NO;
				DEBUG_INFORMATION_FORMAT = dwarf;
				ENABLE_STRICT_OBJC_MSGSEND = YES;
				ENABLE_TESTABILITY = YES;
				GCC_C_LANGUAGE_STANDARD = gnu11;
				GCC_DYNAMIC_NO_PIC = NO;
				GCC_NO_COMMON_BLOCKS = YES;
				GCC_OPTIMIZATION_LEVEL = 0;
				GCC_PREPROCESSOR_DEFINITIONS = (
					"DEBUG=1",
					"$(inherited)",
				);
				GCC_WARN_64_TO_32_BIT_CONVERSION = YES;
				GCC_WARN_ABOUT_RETURN_TYPE = YES_ERROR;
				GCC_WARN_UNDECLARED_SELECTOR = YES;
				GCC_WARN_UNINITIALIZED_AUTOS = YES_AGGRESSIVE;
				GCC_WARN_UNUSED_FUNCTION = YES;
				GCC_WARN_UNUSED_VARIABLE = YES;
				IPHONEOS_DEPLOYMENT_TARGET = 12.1;
				MTL_ENABLE_DEBUG_INFO = INCLUDE_SOURCE;
				MTL_FAST_MATH = YES;
				ONLY_ACTIVE_ARCH = YES;
				SDKROOT = iphoneos;
				SWIFT_ACTIVE_COMPILATION_CONDITIONS = DEBUG;
				SWIFT_OPTIMIZATION_LEVEL = "-Onone";
			};
			name = Debug;
		};
		075ED4F32253432300B2122C /* Release */ = {
			isa = XCBuildConfiguration;
			buildSettings = {
				ALWAYS_SEARCH_USER_PATHS = NO;
				CLANG_ANALYZER_NONNULL = YES;
				CLANG_ANALYZER_NUMBER_OBJECT_CONVERSION = YES_AGGRESSIVE;
				CLANG_CXX_LANGUAGE_STANDARD = "gnu++14";
				CLANG_CXX_LIBRARY = "libc++";
				CLANG_ENABLE_MODULES = YES;
				CLANG_ENABLE_OBJC_ARC = YES;
				CLANG_ENABLE_OBJC_WEAK = YES;
				CLANG_WARN_BLOCK_CAPTURE_AUTORELEASING = YES;
				CLANG_WARN_BOOL_CONVERSION = YES;
				CLANG_WARN_COMMA = YES;
				CLANG_WARN_CONSTANT_CONVERSION = YES;
				CLANG_WARN_DEPRECATED_OBJC_IMPLEMENTATIONS = YES;
				CLANG_WARN_DIRECT_OBJC_ISA_USAGE = YES_ERROR;
				CLANG_WARN_DOCUMENTATION_COMMENTS = YES;
				CLANG_WARN_EMPTY_BODY = YES;
				CLANG_WARN_ENUM_CONVERSION = YES;
				CLANG_WARN_INFINITE_RECURSION = YES;
				CLANG_WARN_INT_CONVERSION = YES;
				CLANG_WARN_NON_LITERAL_NULL_CONVERSION = YES;
				CLANG_WARN_OBJC_IMPLICIT_RETAIN_SELF = YES;
				CLANG_WARN_OBJC_LITERAL_CONVERSION = YES;
				CLANG_WARN_OBJC_ROOT_CLASS = YES_ERROR;
				CLANG_WARN_RANGE_LOOP_ANALYSIS = YES;
				CLANG_WARN_STRICT_PROTOTYPES = YES;
				CLANG_WARN_SUSPICIOUS_MOVE = YES;
				CLANG_WARN_UNGUARDED_AVAILABILITY = YES_AGGRESSIVE;
				CLANG_WARN_UNREACHABLE_CODE = YES;
				CLANG_WARN__DUPLICATE_METHOD_MATCH = YES;
				CODE_SIGN_IDENTITY = "iPhone Developer";
				COPY_PHASE_STRIP = NO;
				DEBUG_INFORMATION_FORMAT = "dwarf-with-dsym";
				ENABLE_NS_ASSERTIONS = NO;
				ENABLE_STRICT_OBJC_MSGSEND = YES;
				GCC_C_LANGUAGE_STANDARD = gnu11;
				GCC_NO_COMMON_BLOCKS = YES;
				GCC_WARN_64_TO_32_BIT_CONVERSION = YES;
				GCC_WARN_ABOUT_RETURN_TYPE = YES_ERROR;
				GCC_WARN_UNDECLARED_SELECTOR = YES;
				GCC_WARN_UNINITIALIZED_AUTOS = YES_AGGRESSIVE;
				GCC_WARN_UNUSED_FUNCTION = YES;
				GCC_WARN_UNUSED_VARIABLE = YES;
				IPHONEOS_DEPLOYMENT_TARGET = 12.1;
				MTL_ENABLE_DEBUG_INFO = NO;
				MTL_FAST_MATH = YES;
				SDKROOT = iphoneos;
				SWIFT_COMPILATION_MODE = wholemodule;
				SWIFT_OPTIMIZATION_LEVEL = "-O";
				VALIDATE_PRODUCT = YES;
			};
			name = Release;
		};
		075ED4F52253432300B2122C /* Debug */ = {
			isa = XCBuildConfiguration;
			buildSettings = {
				ASSETCATALOG_COMPILER_APPICON_NAME = AppIcon;
				CODE_SIGN_STYLE = Automatic;
				DEVELOPMENT_TEAM = NA4JNG3MPH;
				INFOPLIST_FILE = MemeMe1.0/Info.plist;
				LD_RUNPATH_SEARCH_PATHS = (
					"$(inherited)",
					"@executable_path/Frameworks",
				);
				PRODUCT_BUNDLE_IDENTIFIER = "misk.MemeMe2-0";
				PRODUCT_NAME = "$(TARGET_NAME)";
				SWIFT_VERSION = 4.2;
				TARGETED_DEVICE_FAMILY = "1,2";
			};
			name = Debug;
		};
		075ED4F62253432300B2122C /* Release */ = {
			isa = XCBuildConfiguration;
			buildSettings = {
				ASSETCATALOG_COMPILER_APPICON_NAME = AppIcon;
				CODE_SIGN_STYLE = Automatic;
				DEVELOPMENT_TEAM = NA4JNG3MPH;
				INFOPLIST_FILE = MemeMe1.0/Info.plist;
				LD_RUNPATH_SEARCH_PATHS = (
					"$(inherited)",
					"@executable_path/Frameworks",
				);
				PRODUCT_BUNDLE_IDENTIFIER = "misk.MemeMe2-0";
				PRODUCT_NAME = "$(TARGET_NAME)";
				SWIFT_VERSION = 4.2;
				TARGETED_DEVICE_FAMILY = "1,2";
			};
			name = Release;
		};
/* End XCBuildConfiguration section */

/* Begin XCConfigurationList section */
		075ED4DD2253432000B2122C /* Build configuration list for PBXProject "MemeMe1.0" */ = {
			isa = XCConfigurationList;
			buildConfigurations = (
				075ED4F22253432300B2122C /* Debug */,
				075ED4F32253432300B2122C /* Release */,
			);
			defaultConfigurationIsVisible = 0;
			defaultConfigurationName = Release;
		};
		075ED4F42253432300B2122C /* Build configuration list for PBXNativeTarget "MemeMe1.0" */ = {
			isa = XCConfigurationList;
			buildConfigurations = (
				075ED4F52253432300B2122C /* Debug */,
				075ED4F62253432300B2122C /* Release */,
			);
			defaultConfigurationIsVisible = 0;
			defaultConfigurationName = Release;
		};
/* End XCConfigurationList section */
	};
	rootObject = 075ED4DA2253432000B2122C /* Project object */;
}
